PODS:
  - Capacitor (1.2.1):
    - CapacitorCordova (= 1.2.1)
  - CapacitorCordova (1.2.1)
  - CapacitorSqlite (0.0.1-alpha.8):
    - Capacitor
    - SQLite.swift
  - SQLite.swift (0.12.2):
    - SQLite.swift/standard (= 0.12.2)
  - SQLite.swift/standard (0.12.2)

DEPENDENCIES:
  - "Capacitor (from `../../node_modules/@capacitor/ios`)"
  - "CapacitorCordova (from `../../node_modules/@capacitor/ios`)"
  - CapacitorSqlite (from `../../node_modules/capacitor-sqlite`)

SPEC REPOS:
  trunk:
    - SQLite.swift

EXTERNAL SOURCES:
  Capacitor:
    :path: "../../node_modules/@capacitor/ios"
  CapacitorCordova:
    :path: "../../node_modules/@capacitor/ios"
  CapacitorSqlite:
    :path: "../../node_modules/capacitor-sqlite"

SPEC CHECKSUMS:
  Capacitor: e89d041bf912bccbbccab2e07d0f32aa4ca0f11a
  CapacitorCordova: 806e405d02de22c10a9b20a2ee4fb3f097cfb8a5
  CapacitorSqlite: cb6102195bc4d85eb4bc146494534a43ed0adc6b
  SQLite.swift: d2b4642190917051ce6bd1d49aab565fe794eea3

PODFILE CHECKSUM: cfa48352f4099ba526608ed77740dfabe6e50188

COCOAPODS: 1.8.3
